// !$*UTF8*$!
{
	archiveVersion = 1;
	classes = {
	};
	objectVersion = 48;
	objects = {

/* Begin PBXBuildFile section */
		031D81331FBCC8300094F598 /* SetTimeVC.swift in Sources */ = {isa = PBXBuildFile; fileRef = 031D81311FBCC8300094F598 /* SetTimeVC.swift */; };
		031D81341FBCC8300094F598 /* SetTimeVC.xib in Resources */ = {isa = PBXBuildFile; fileRef = 031D81321FBCC8300094F598 /* SetTimeVC.xib */; };
		031D81371FBCC8810094F598 /* TimesTableVC.swift in Sources */ = {isa = PBXBuildFile; fileRef = 031D81351FBCC8810094F598 /* TimesTableVC.swift */; };
		031D81381FBCC8810094F598 /* TimesTableVC.xib in Resources */ = {isa = PBXBuildFile; fileRef = 031D81361FBCC8810094F598 /* TimesTableVC.xib */; };
		031D813B1FBCCC710094F598 /* TimesTVCell.swift in Sources */ = {isa = PBXBuildFile; fileRef = 031D81391FBCCC710094F598 /* TimesTVCell.swift */; };
		031D813C1FBCCC710094F598 /* TimesTVCell.xib in Resources */ = {isa = PBXBuildFile; fileRef = 031D813A1FBCCC710094F598 /* TimesTVCell.xib */; };
		031D813E1FBCCD000094F598 /* TableViewCellHelpers.swift in Sources */ = {isa = PBXBuildFile; fileRef = 031D813D1FBCCD000094F598 /* TableViewCellHelpers.swift */; };
		031D81441FBDFC400094F598 /* Config.swift in Sources */ = {isa = PBXBuildFile; fileRef = 031D81431FBDFC400094F598 /* Config.swift */; };
		036DD2B01FEB19F000160661 /* Ride.swift in Sources */ = {isa = PBXBuildFile; fileRef = 036DD2AF1FEB19F000160661 /* Ride.swift */; };
		036DD2B21FEB1A1300160661 /* Location.swift in Sources */ = {isa = PBXBuildFile; fileRef = 036DD2B11FEB1A1300160661 /* Location.swift */; };
		036DD2B41FEB1A2800160661 /* CircleArea.swift in Sources */ = {isa = PBXBuildFile; fileRef = 036DD2B31FEB1A2800160661 /* CircleArea.swift */; };
		036DD2B61FEB1A3F00160661 /* User.swift in Sources */ = {isa = PBXBuildFile; fileRef = 036DD2B51FEB1A3F00160661 /* User.swift */; };
		036DD2B81FEB1A5600160661 /* TimeWindow.swift in Sources */ = {isa = PBXBuildFile; fileRef = 036DD2B71FEB1A5600160661 /* TimeWindow.swift */; };
		036DD2BB1FEB1A8600160661 /* Int+Extensions.swift in Sources */ = {isa = PBXBuildFile; fileRef = 036DD2BA1FEB1A8600160661 /* Int+Extensions.swift */; };
		036DD2BD1FEB1AB700160661 /* Date+Extensions.swift in Sources */ = {isa = PBXBuildFile; fileRef = 036DD2BC1FEB1AB700160661 /* Date+Extensions.swift */; };
		036DD2BF1FEB1AE100160661 /* UIViewController+Extensions.swift in Sources */ = {isa = PBXBuildFile; fileRef = 036DD2BE1FEB1AE100160661 /* UIViewController+Extensions.swift */; };
		036DD2C11FEB1B0B00160661 /* UIView+Extensions.swift in Sources */ = {isa = PBXBuildFile; fileRef = 036DD2C01FEB1B0B00160661 /* UIView+Extensions.swift */; };
		036DD2C31FEB1B3600160661 /* CGRect+Extensions.swift in Sources */ = {isa = PBXBuildFile; fileRef = 036DD2C21FEB1B3600160661 /* CGRect+Extensions.swift */; };
		036DD2C51FEB1B7D00160661 /* MapView+Extensions.swift in Sources */ = {isa = PBXBuildFile; fileRef = 036DD2C41FEB1B7D00160661 /* MapView+Extensions.swift */; };
		036DD2C71FEB1BA300160661 /* CLLocationCoordinate2D+Extensions.swift in Sources */ = {isa = PBXBuildFile; fileRef = 036DD2C61FEB1BA300160661 /* CLLocationCoordinate2D+Extensions.swift */; };
		036DD2C91FEB1BBE00160661 /* NSObject+Extensions.swift in Sources */ = {isa = PBXBuildFile; fileRef = 036DD2C81FEB1BBE00160661 /* NSObject+Extensions.swift */; };
		036DD2CC1FEB1E2E00160661 /* SetSpotButtonsVC.swift in Sources */ = {isa = PBXBuildFile; fileRef = 036DD2CA1FEB1E2E00160661 /* SetSpotButtonsVC.swift */; };
		036DD2CD1FEB1E2E00160661 /* SetSpotButtonsVC.xib in Resources */ = {isa = PBXBuildFile; fileRef = 036DD2CB1FEB1E2E00160661 /* SetSpotButtonsVC.xib */; };
		036DD2CF1FEB247500160661 /* MockData.swift in Sources */ = {isa = PBXBuildFile; fileRef = 036DD2CE1FEB247500160661 /* MockData.swift */; };
		036DD2D11FEBFE2400160661 /* Color.swift in Sources */ = {isa = PBXBuildFile; fileRef = 036DD2D01FEBFE2400160661 /* Color.swift */; };
		036DD2D31FEC06E200160661 /* Defaults.swift in Sources */ = {isa = PBXBuildFile; fileRef = 036DD2D21FEC06E200160661 /* Defaults.swift */; };
		039E59171FBCA77500FE3598 /* AppDelegate.swift in Sources */ = {isa = PBXBuildFile; fileRef = 039E59161FBCA77500FE3598 /* AppDelegate.swift */; };
		039E591E1FBCA77500FE3598 /* Assets.xcassets in Resources */ = {isa = PBXBuildFile; fileRef = 039E591D1FBCA77500FE3598 /* Assets.xcassets */; };
		039E59211FBCA77500FE3598 /* LaunchScreen.storyboard in Resources */ = {isa = PBXBuildFile; fileRef = 039E591F1FBCA77500FE3598 /* LaunchScreen.storyboard */; };
		039E592C1FBCA77500FE3598 /* EgglerPoolTests.swift in Sources */ = {isa = PBXBuildFile; fileRef = 039E592B1FBCA77500FE3598 /* EgglerPoolTests.swift */; };
		039E59371FBCA77500FE3598 /* EgglerPoolUITests.swift in Sources */ = {isa = PBXBuildFile; fileRef = 039E59361FBCA77500FE3598 /* EgglerPoolUITests.swift */; };
		039E594A1FBCA89E00FE3598 /* TimeWindowVC.swift in Sources */ = {isa = PBXBuildFile; fileRef = 039E59481FBCA89E00FE3598 /* TimeWindowVC.swift */; };
		039E594B1FBCA89E00FE3598 /* TimeWindowVC.xib in Resources */ = {isa = PBXBuildFile; fileRef = 039E59491FBCA89E00FE3598 /* TimeWindowVC.xib */; };
		039E59501FBCC11D00FE3598 /* SetSpotVC.swift in Sources */ = {isa = PBXBuildFile; fileRef = 039E594E1FBCC11D00FE3598 /* SetSpotVC.swift */; };
		039E59511FBCC11D00FE3598 /* SetSpotVC.xib in Resources */ = {isa = PBXBuildFile; fileRef = 039E594F1FBCC11D00FE3598 /* SetSpotVC.xib */; };
		039E59541FBCC20600FE3598 /* TimeslotMapVC.swift in Sources */ = {isa = PBXBuildFile; fileRef = 039E59521FBCC20600FE3598 /* TimeslotMapVC.swift */; };
		039E59551FBCC20600FE3598 /* TimeslotMapVC.xib in Resources */ = {isa = PBXBuildFile; fileRef = 039E59531FBCC20600FE3598 /* TimeslotMapVC.xib */; };
		03F9C8BE1FBFC56E00D84773 /* TimeslotAnnotation.swift in Sources */ = {isa = PBXBuildFile; fileRef = 03F9C8BC1FBFC56E00D84773 /* TimeslotAnnotation.swift */; };
		03F9C8BF1FBFC56E00D84773 /* TimeslotAnnotationView.swift in Sources */ = {isa = PBXBuildFile; fileRef = 03F9C8BD1FBFC56E00D84773 /* TimeslotAnnotationView.swift */; };
		03F9C8C11FBFC57E00D84773 /* TimeslotCircle.swift in Sources */ = {isa = PBXBuildFile; fileRef = 03F9C8C01FBFC57E00D84773 /* TimeslotCircle.swift */; };
		03F9C8C31FBFC64700D84773 /* Timeslot.swift in Sources */ = {isa = PBXBuildFile; fileRef = 03F9C8C21FBFC64700D84773 /* Timeslot.swift */; };
		6767FDA467025C56BACC9BF5 /* Pods_EgglerPoolTests.framework in Frameworks */ = {isa = PBXBuildFile; fileRef = 8828E82C34AAD594AAC46CF9 /* Pods_EgglerPoolTests.framework */; };
		8F0332040B4D5E6FBEAE55C2 /* Pods_EgglerPool.framework in Frameworks */ = {isa = PBXBuildFile; fileRef = E2DF571FC887A540D488124B /* Pods_EgglerPool.framework */; };
/* End PBXBuildFile section */

/* Begin PBXContainerItemProxy section */
		039E59281FBCA77500FE3598 /* PBXContainerItemProxy */ = {
			isa = PBXContainerItemProxy;
			containerPortal = 039E590B1FBCA77500FE3598 /* Project object */;
			proxyType = 1;
			remoteGlobalIDString = 039E59121FBCA77500FE3598;
			remoteInfo = EgglerPool;
		};
		039E59331FBCA77500FE3598 /* PBXContainerItemProxy */ = {
			isa = PBXContainerItemProxy;
			containerPortal = 039E590B1FBCA77500FE3598 /* Project object */;
			proxyType = 1;
			remoteGlobalIDString = 039E59121FBCA77500FE3598;
			remoteInfo = EgglerPool;
		};
/* End PBXContainerItemProxy section */

/* Begin PBXFileReference section */
		031D81311FBCC8300094F598 /* SetTimeVC.swift */ = {isa = PBXFileReference; lastKnownFileType = sourcecode.swift; path = SetTimeVC.swift; sourceTree = "<group>"; };
		031D81321FBCC8300094F598 /* SetTimeVC.xib */ = {isa = PBXFileReference; lastKnownFileType = file.xib; path = SetTimeVC.xib; sourceTree = "<group>"; };
		031D81351FBCC8810094F598 /* TimesTableVC.swift */ = {isa = PBXFileReference; lastKnownFileType = sourcecode.swift; path = TimesTableVC.swift; sourceTree = "<group>"; };
		031D81361FBCC8810094F598 /* TimesTableVC.xib */ = {isa = PBXFileReference; lastKnownFileType = file.xib; path = TimesTableVC.xib; sourceTree = "<group>"; };
		031D81391FBCCC710094F598 /* TimesTVCell.swift */ = {isa = PBXFileReference; lastKnownFileType = sourcecode.swift; path = TimesTVCell.swift; sourceTree = "<group>"; };
		031D813A1FBCCC710094F598 /* TimesTVCell.xib */ = {isa = PBXFileReference; lastKnownFileType = file.xib; path = TimesTVCell.xib; sourceTree = "<group>"; };
		031D813D1FBCCD000094F598 /* TableViewCellHelpers.swift */ = {isa = PBXFileReference; lastKnownFileType = sourcecode.swift; path = TableViewCellHelpers.swift; sourceTree = "<group>"; };
		031D81431FBDFC400094F598 /* Config.swift */ = {isa = PBXFileReference; lastKnownFileType = sourcecode.swift; path = Config.swift; sourceTree = "<group>"; };
		036DD2AF1FEB19F000160661 /* Ride.swift */ = {isa = PBXFileReference; lastKnownFileType = sourcecode.swift; path = Ride.swift; sourceTree = "<group>"; };
		036DD2B11FEB1A1300160661 /* Location.swift */ = {isa = PBXFileReference; lastKnownFileType = sourcecode.swift; path = Location.swift; sourceTree = "<group>"; };
		036DD2B31FEB1A2800160661 /* CircleArea.swift */ = {isa = PBXFileReference; lastKnownFileType = sourcecode.swift; path = CircleArea.swift; sourceTree = "<group>"; };
		036DD2B51FEB1A3F00160661 /* User.swift */ = {isa = PBXFileReference; lastKnownFileType = sourcecode.swift; path = User.swift; sourceTree = "<group>"; };
		036DD2B71FEB1A5600160661 /* TimeWindow.swift */ = {isa = PBXFileReference; lastKnownFileType = sourcecode.swift; path = TimeWindow.swift; sourceTree = "<group>"; };
		036DD2BA1FEB1A8600160661 /* Int+Extensions.swift */ = {isa = PBXFileReference; lastKnownFileType = sourcecode.swift; path = "Int+Extensions.swift"; sourceTree = "<group>"; };
		036DD2BC1FEB1AB700160661 /* Date+Extensions.swift */ = {isa = PBXFileReference; lastKnownFileType = sourcecode.swift; path = "Date+Extensions.swift"; sourceTree = "<group>"; };
		036DD2BE1FEB1AE100160661 /* UIViewController+Extensions.swift */ = {isa = PBXFileReference; lastKnownFileType = sourcecode.swift; path = "UIViewController+Extensions.swift"; sourceTree = "<group>"; };
		036DD2C01FEB1B0B00160661 /* UIView+Extensions.swift */ = {isa = PBXFileReference; lastKnownFileType = sourcecode.swift; path = "UIView+Extensions.swift"; sourceTree = "<group>"; };
		036DD2C21FEB1B3600160661 /* CGRect+Extensions.swift */ = {isa = PBXFileReference; lastKnownFileType = sourcecode.swift; path = "CGRect+Extensions.swift"; sourceTree = "<group>"; };
		036DD2C41FEB1B7D00160661 /* MapView+Extensions.swift */ = {isa = PBXFileReference; lastKnownFileType = sourcecode.swift; path = "MapView+Extensions.swift"; sourceTree = "<group>"; };
		036DD2C61FEB1BA300160661 /* CLLocationCoordinate2D+Extensions.swift */ = {isa = PBXFileReference; lastKnownFileType = sourcecode.swift; path = "CLLocationCoordinate2D+Extensions.swift"; sourceTree = "<group>"; };
		036DD2C81FEB1BBE00160661 /* NSObject+Extensions.swift */ = {isa = PBXFileReference; lastKnownFileType = sourcecode.swift; path = "NSObject+Extensions.swift"; sourceTree = "<group>"; };
		036DD2CA1FEB1E2E00160661 /* SetSpotButtonsVC.swift */ = {isa = PBXFileReference; lastKnownFileType = sourcecode.swift; path = SetSpotButtonsVC.swift; sourceTree = "<group>"; };
		036DD2CB1FEB1E2E00160661 /* SetSpotButtonsVC.xib */ = {isa = PBXFileReference; lastKnownFileType = file.xib; path = SetSpotButtonsVC.xib; sourceTree = "<group>"; };
		036DD2CE1FEB247500160661 /* MockData.swift */ = {isa = PBXFileReference; lastKnownFileType = sourcecode.swift; path = MockData.swift; sourceTree = "<group>"; };
		036DD2D01FEBFE2400160661 /* Color.swift */ = {isa = PBXFileReference; lastKnownFileType = sourcecode.swift; path = Color.swift; sourceTree = "<group>"; };
		036DD2D21FEC06E200160661 /* Defaults.swift */ = {isa = PBXFileReference; lastKnownFileType = sourcecode.swift; path = Defaults.swift; sourceTree = "<group>"; };
		039E59131FBCA77500FE3598 /* EgglerPool.app */ = {isa = PBXFileReference; explicitFileType = wrapper.application; includeInIndex = 0; path = EgglerPool.app; sourceTree = BUILT_PRODUCTS_DIR; };
		039E59161FBCA77500FE3598 /* AppDelegate.swift */ = {isa = PBXFileReference; lastKnownFileType = sourcecode.swift; path = AppDelegate.swift; sourceTree = "<group>"; };
		039E591D1FBCA77500FE3598 /* Assets.xcassets */ = {isa = PBXFileReference; lastKnownFileType = folder.assetcatalog; path = Assets.xcassets; sourceTree = "<group>"; };
		039E59201FBCA77500FE3598 /* Base */ = {isa = PBXFileReference; lastKnownFileType = file.storyboard; name = Base; path = Base.lproj/LaunchScreen.storyboard; sourceTree = "<group>"; };
		039E59221FBCA77500FE3598 /* Info.plist */ = {isa = PBXFileReference; lastKnownFileType = text.plist.xml; path = Info.plist; sourceTree = "<group>"; };
		039E59271FBCA77500FE3598 /* EgglerPoolTests.xctest */ = {isa = PBXFileReference; explicitFileType = wrapper.cfbundle; includeInIndex = 0; path = EgglerPoolTests.xctest; sourceTree = BUILT_PRODUCTS_DIR; };
		039E592B1FBCA77500FE3598 /* EgglerPoolTests.swift */ = {isa = PBXFileReference; lastKnownFileType = sourcecode.swift; path = EgglerPoolTests.swift; sourceTree = "<group>"; };
		039E592D1FBCA77500FE3598 /* Info.plist */ = {isa = PBXFileReference; lastKnownFileType = text.plist.xml; path = Info.plist; sourceTree = "<group>"; };
		039E59321FBCA77500FE3598 /* EgglerPoolUITests.xctest */ = {isa = PBXFileReference; explicitFileType = wrapper.cfbundle; includeInIndex = 0; path = EgglerPoolUITests.xctest; sourceTree = BUILT_PRODUCTS_DIR; };
		039E59361FBCA77500FE3598 /* EgglerPoolUITests.swift */ = {isa = PBXFileReference; lastKnownFileType = sourcecode.swift; path = EgglerPoolUITests.swift; sourceTree = "<group>"; };
		039E59381FBCA77500FE3598 /* Info.plist */ = {isa = PBXFileReference; lastKnownFileType = text.plist.xml; path = Info.plist; sourceTree = "<group>"; };
		039E59481FBCA89E00FE3598 /* TimeWindowVC.swift */ = {isa = PBXFileReference; lastKnownFileType = sourcecode.swift; path = TimeWindowVC.swift; sourceTree = "<group>"; };
		039E59491FBCA89E00FE3598 /* TimeWindowVC.xib */ = {isa = PBXFileReference; lastKnownFileType = file.xib; path = TimeWindowVC.xib; sourceTree = "<group>"; };
		039E594E1FBCC11D00FE3598 /* SetSpotVC.swift */ = {isa = PBXFileReference; lastKnownFileType = sourcecode.swift; path = SetSpotVC.swift; sourceTree = "<group>"; };
		039E594F1FBCC11D00FE3598 /* SetSpotVC.xib */ = {isa = PBXFileReference; lastKnownFileType = file.xib; path = SetSpotVC.xib; sourceTree = "<group>"; };
		039E59521FBCC20600FE3598 /* TimeslotMapVC.swift */ = {isa = PBXFileReference; lastKnownFileType = sourcecode.swift; path = TimeslotMapVC.swift; sourceTree = "<group>"; };
		039E59531FBCC20600FE3598 /* TimeslotMapVC.xib */ = {isa = PBXFileReference; lastKnownFileType = file.xib; path = TimeslotMapVC.xib; sourceTree = "<group>"; };
		03F9C8BC1FBFC56E00D84773 /* TimeslotAnnotation.swift */ = {isa = PBXFileReference; fileEncoding = 4; lastKnownFileType = sourcecode.swift; path = TimeslotAnnotation.swift; sourceTree = "<group>"; };
		03F9C8BD1FBFC56E00D84773 /* TimeslotAnnotationView.swift */ = {isa = PBXFileReference; fileEncoding = 4; lastKnownFileType = sourcecode.swift; path = TimeslotAnnotationView.swift; sourceTree = "<group>"; };
		03F9C8C01FBFC57E00D84773 /* TimeslotCircle.swift */ = {isa = PBXFileReference; fileEncoding = 4; lastKnownFileType = sourcecode.swift; path = TimeslotCircle.swift; sourceTree = "<group>"; };
		03F9C8C21FBFC64700D84773 /* Timeslot.swift */ = {isa = PBXFileReference; lastKnownFileType = sourcecode.swift; path = Timeslot.swift; sourceTree = "<group>"; };
		555FA1A1FD45D67F91B7AE07 /* Pods-EgglerPool.release.xcconfig */ = {isa = PBXFileReference; includeInIndex = 1; lastKnownFileType = text.xcconfig; name = "Pods-EgglerPool.release.xcconfig"; path = "Pods/Target Support Files/Pods-EgglerPool/Pods-EgglerPool.release.xcconfig"; sourceTree = "<group>"; };
		8828E82C34AAD594AAC46CF9 /* Pods_EgglerPoolTests.framework */ = {isa = PBXFileReference; explicitFileType = wrapper.framework; includeInIndex = 0; path = Pods_EgglerPoolTests.framework; sourceTree = BUILT_PRODUCTS_DIR; };
		B0CF66D4D33904CA5144D8CB /* Pods-EgglerPoolTests.debug.xcconfig */ = {isa = PBXFileReference; includeInIndex = 1; lastKnownFileType = text.xcconfig; name = "Pods-EgglerPoolTests.debug.xcconfig"; path = "Pods/Target Support Files/Pods-EgglerPoolTests/Pods-EgglerPoolTests.debug.xcconfig"; sourceTree = "<group>"; };
		BB373B7DEE11B5EDC569BD6B /* Pods-EgglerPoolTests.release.xcconfig */ = {isa = PBXFileReference; includeInIndex = 1; lastKnownFileType = text.xcconfig; name = "Pods-EgglerPoolTests.release.xcconfig"; path = "Pods/Target Support Files/Pods-EgglerPoolTests/Pods-EgglerPoolTests.release.xcconfig"; sourceTree = "<group>"; };
		BE8A27573C023B34319C2B7A /* Pods-EgglerPool.debug.xcconfig */ = {isa = PBXFileReference; includeInIndex = 1; lastKnownFileType = text.xcconfig; name = "Pods-EgglerPool.debug.xcconfig"; path = "Pods/Target Support Files/Pods-EgglerPool/Pods-EgglerPool.debug.xcconfig"; sourceTree = "<group>"; };
		E2DF571FC887A540D488124B /* Pods_EgglerPool.framework */ = {isa = PBXFileReference; explicitFileType = wrapper.framework; includeInIndex = 0; path = Pods_EgglerPool.framework; sourceTree = BUILT_PRODUCTS_DIR; };
/* End PBXFileReference section */

/* Begin PBXFrameworksBuildPhase section */
		039E59101FBCA77500FE3598 /* Frameworks */ = {
			isa = PBXFrameworksBuildPhase;
			buildActionMask = 2147483647;
			files = (
				8F0332040B4D5E6FBEAE55C2 /* Pods_EgglerPool.framework in Frameworks */,
			);
			runOnlyForDeploymentPostprocessing = 0;
		};
		039E59241FBCA77500FE3598 /* Frameworks */ = {
			isa = PBXFrameworksBuildPhase;
			buildActionMask = 2147483647;
			files = (
				6767FDA467025C56BACC9BF5 /* Pods_EgglerPoolTests.framework in Frameworks */,
			);
			runOnlyForDeploymentPostprocessing = 0;
		};
		039E592F1FBCA77500FE3598 /* Frameworks */ = {
			isa = PBXFrameworksBuildPhase;
			buildActionMask = 2147483647;
			files = (
			);
			runOnlyForDeploymentPostprocessing = 0;
		};
/* End PBXFrameworksBuildPhase section */

/* Begin PBXGroup section */
		036DD2AE1FEB19E200160661 /* Model */ = {
			isa = PBXGroup;
			children = (
				03F9C8C21FBFC64700D84773 /* Timeslot.swift */,
				036DD2B51FEB1A3F00160661 /* User.swift */,
				036DD2B71FEB1A5600160661 /* TimeWindow.swift */,
				036DD2B31FEB1A2800160661 /* CircleArea.swift */,
				036DD2AF1FEB19F000160661 /* Ride.swift */,
				036DD2B11FEB1A1300160661 /* Location.swift */,
			);
			path = Model;
			sourceTree = "<group>";
		};
		036DD2B91FEB1A6900160661 /* Extensions */ = {
			isa = PBXGroup;
			children = (
				036DD2BA1FEB1A8600160661 /* Int+Extensions.swift */,
				036DD2BC1FEB1AB700160661 /* Date+Extensions.swift */,
				036DD2BE1FEB1AE100160661 /* UIViewController+Extensions.swift */,
				036DD2C21FEB1B3600160661 /* CGRect+Extensions.swift */,
				036DD2C01FEB1B0B00160661 /* UIView+Extensions.swift */,
				036DD2C41FEB1B7D00160661 /* MapView+Extensions.swift */,
				036DD2C61FEB1BA300160661 /* CLLocationCoordinate2D+Extensions.swift */,
				036DD2C81FEB1BBE00160661 /* NSObject+Extensions.swift */,
			);
			path = Extensions;
			sourceTree = "<group>";
		};
		036DD2D41FEC0CBF00160661 /* Supporting Files */ = {
			isa = PBXGroup;
			children = (
				039E59161FBCA77500FE3598 /* AppDelegate.swift */,
				039E591D1FBCA77500FE3598 /* Assets.xcassets */,
				039E591F1FBCA77500FE3598 /* LaunchScreen.storyboard */,
				039E59221FBCA77500FE3598 /* Info.plist */,
			);
			path = "Supporting Files";
			sourceTree = "<group>";
		};
		036DD2D51FEC0CE000160661 /* Helpers */ = {
			isa = PBXGroup;
			children = (
				031D813D1FBCCD000094F598 /* TableViewCellHelpers.swift */,
			);
			path = Helpers;
			sourceTree = "<group>";
		};
		039E590A1FBCA77500FE3598 = {
			isa = PBXGroup;
			children = (
				039E59151FBCA77500FE3598 /* EgglerPool */,
				039E592A1FBCA77500FE3598 /* EgglerPoolTests */,
				039E59351FBCA77500FE3598 /* EgglerPoolUITests */,
				039E59141FBCA77500FE3598 /* Products */,
				7D3422524BD3D509F7A9108E /* Pods */,
				2C628F5C15321BE81F77A53E /* Frameworks */,
			);
			sourceTree = "<group>";
		};
		039E59141FBCA77500FE3598 /* Products */ = {
			isa = PBXGroup;
			children = (
				039E59131FBCA77500FE3598 /* EgglerPool.app */,
				039E59271FBCA77500FE3598 /* EgglerPoolTests.xctest */,
				039E59321FBCA77500FE3598 /* EgglerPoolUITests.xctest */,
			);
			name = Products;
			sourceTree = "<group>";
		};
		039E59151FBCA77500FE3598 /* EgglerPool */ = {
			isa = PBXGroup;
			children = (
				031D81431FBDFC400094F598 /* Config.swift */,
				036DD2D21FEC06E200160661 /* Defaults.swift */,
				036DD2D01FEBFE2400160661 /* Color.swift */,
				036DD2CE1FEB247500160661 /* MockData.swift */,
				039E594E1FBCC11D00FE3598 /* SetSpotVC.swift */,
				039E594F1FBCC11D00FE3598 /* SetSpotVC.xib */,
				036DD2CA1FEB1E2E00160661 /* SetSpotButtonsVC.swift */,
				036DD2CB1FEB1E2E00160661 /* SetSpotButtonsVC.xib */,
				039E59481FBCA89E00FE3598 /* TimeWindowVC.swift */,
				039E59491FBCA89E00FE3598 /* TimeWindowVC.xib */,
				039E59521FBCC20600FE3598 /* TimeslotMapVC.swift */,
				039E59531FBCC20600FE3598 /* TimeslotMapVC.xib */,
				031D81311FBCC8300094F598 /* SetTimeVC.swift */,
				031D81321FBCC8300094F598 /* SetTimeVC.xib */,
				031D81351FBCC8810094F598 /* TimesTableVC.swift */,
				031D81361FBCC8810094F598 /* TimesTableVC.xib */,
				031D81391FBCCC710094F598 /* TimesTVCell.swift */,
				031D813A1FBCCC710094F598 /* TimesTVCell.xib */,
				03F9C8BC1FBFC56E00D84773 /* TimeslotAnnotation.swift */,
				03F9C8BD1FBFC56E00D84773 /* TimeslotAnnotationView.swift */,
				03F9C8C01FBFC57E00D84773 /* TimeslotCircle.swift */,
				036DD2AE1FEB19E200160661 /* Model */,
				036DD2B91FEB1A6900160661 /* Extensions */,
				036DD2D51FEC0CE000160661 /* Helpers */,
				036DD2D41FEC0CBF00160661 /* Supporting Files */,
			);
			path = EgglerPool;
			sourceTree = "<group>";
		};
		039E592A1FBCA77500FE3598 /* EgglerPoolTests */ = {
			isa = PBXGroup;
			children = (
				039E592B1FBCA77500FE3598 /* EgglerPoolTests.swift */,
				039E592D1FBCA77500FE3598 /* Info.plist */,
			);
			path = EgglerPoolTests;
			sourceTree = "<group>";
		};
		039E59351FBCA77500FE3598 /* EgglerPoolUITests */ = {
			isa = PBXGroup;
			children = (
				039E59361FBCA77500FE3598 /* EgglerPoolUITests.swift */,
				039E59381FBCA77500FE3598 /* Info.plist */,
			);
			path = EgglerPoolUITests;
			sourceTree = "<group>";
		};
		2C628F5C15321BE81F77A53E /* Frameworks */ = {
			isa = PBXGroup;
			children = (
				E2DF571FC887A540D488124B /* Pods_EgglerPool.framework */,
				8828E82C34AAD594AAC46CF9 /* Pods_EgglerPoolTests.framework */,
			);
			name = Frameworks;
			sourceTree = "<group>";
		};
		7D3422524BD3D509F7A9108E /* Pods */ = {
			isa = PBXGroup;
			children = (
				BE8A27573C023B34319C2B7A /* Pods-EgglerPool.debug.xcconfig */,
				555FA1A1FD45D67F91B7AE07 /* Pods-EgglerPool.release.xcconfig */,
				B0CF66D4D33904CA5144D8CB /* Pods-EgglerPoolTests.debug.xcconfig */,
				BB373B7DEE11B5EDC569BD6B /* Pods-EgglerPoolTests.release.xcconfig */,
			);
			name = Pods;
			sourceTree = "<group>";
		};
/* End PBXGroup section */

/* Begin PBXNativeTarget section */
		039E59121FBCA77500FE3598 /* EgglerPool */ = {
			isa = PBXNativeTarget;
			buildConfigurationList = 039E593B1FBCA77500FE3598 /* Build configuration list for PBXNativeTarget "EgglerPool" */;
			buildPhases = (
				0151FE8CA68B71C506591DA5 /* [CP] Check Pods Manifest.lock */,
				039E590F1FBCA77500FE3598 /* Sources */,
				039E59101FBCA77500FE3598 /* Frameworks */,
				039E59111FBCA77500FE3598 /* Resources */,
				B8CC45F1F6AACB7C57C98E71 /* [CP] Embed Pods Frameworks */,
				1D77B946BEB5B8CDC1ECE2F1 /* [CP] Copy Pods Resources */,
			);
			buildRules = (
			);
			dependencies = (
			);
			name = EgglerPool;
			productName = EgglerPool;
			productReference = 039E59131FBCA77500FE3598 /* EgglerPool.app */;
			productType = "com.apple.product-type.application";
		};
		039E59261FBCA77500FE3598 /* EgglerPoolTests */ = {
			isa = PBXNativeTarget;
			buildConfigurationList = 039E593E1FBCA77500FE3598 /* Build configuration list for PBXNativeTarget "EgglerPoolTests" */;
			buildPhases = (
				FD5D70F486ABF5EDB73D9E3B /* [CP] Check Pods Manifest.lock */,
				039E59231FBCA77500FE3598 /* Sources */,
				039E59241FBCA77500FE3598 /* Frameworks */,
				039E59251FBCA77500FE3598 /* Resources */,
				44A286FF0DF8006A10ED585A /* [CP] Embed Pods Frameworks */,
				2EAA1C2BFF33C3CA69C861E1 /* [CP] Copy Pods Resources */,
			);
			buildRules = (
			);
			dependencies = (
				039E59291FBCA77500FE3598 /* PBXTargetDependency */,
			);
			name = EgglerPoolTests;
			productName = EgglerPoolTests;
			productReference = 039E59271FBCA77500FE3598 /* EgglerPoolTests.xctest */;
			productType = "com.apple.product-type.bundle.unit-test";
		};
		039E59311FBCA77500FE3598 /* EgglerPoolUITests */ = {
			isa = PBXNativeTarget;
			buildConfigurationList = 039E59411FBCA77500FE3598 /* Build configuration list for PBXNativeTarget "EgglerPoolUITests" */;
			buildPhases = (
				039E592E1FBCA77500FE3598 /* Sources */,
				039E592F1FBCA77500FE3598 /* Frameworks */,
				039E59301FBCA77500FE3598 /* Resources */,
			);
			buildRules = (
			);
			dependencies = (
				039E59341FBCA77500FE3598 /* PBXTargetDependency */,
			);
			name = EgglerPoolUITests;
			productName = EgglerPoolUITests;
			productReference = 039E59321FBCA77500FE3598 /* EgglerPoolUITests.xctest */;
			productType = "com.apple.product-type.bundle.ui-testing";
		};
/* End PBXNativeTarget section */

/* Begin PBXProject section */
		039E590B1FBCA77500FE3598 /* Project object */ = {
			isa = PBXProject;
			attributes = {
				LastSwiftUpdateCheck = 0910;
				LastUpgradeCheck = 0910;
				ORGANIZATIONNAME = "Kasey Baughan";
				TargetAttributes = {
					039E59121FBCA77500FE3598 = {
						CreatedOnToolsVersion = 9.1;
						ProvisioningStyle = Automatic;
					};
					039E59261FBCA77500FE3598 = {
						CreatedOnToolsVersion = 9.1;
						ProvisioningStyle = Automatic;
						TestTargetID = 039E59121FBCA77500FE3598;
					};
					039E59311FBCA77500FE3598 = {
						CreatedOnToolsVersion = 9.1;
						ProvisioningStyle = Automatic;
						TestTargetID = 039E59121FBCA77500FE3598;
					};
				};
			};
			buildConfigurationList = 039E590E1FBCA77500FE3598 /* Build configuration list for PBXProject "EgglerPool" */;
			compatibilityVersion = "Xcode 8.0";
			developmentRegion = en;
			hasScannedForEncodings = 0;
			knownRegions = (
				en,
				Base,
			);
			mainGroup = 039E590A1FBCA77500FE3598;
			productRefGroup = 039E59141FBCA77500FE3598 /* Products */;
			projectDirPath = "";
			projectRoot = "";
			targets = (
				039E59121FBCA77500FE3598 /* EgglerPool */,
				039E59261FBCA77500FE3598 /* EgglerPoolTests */,
				039E59311FBCA77500FE3598 /* EgglerPoolUITests */,
			);
		};
/* End PBXProject section */

/* Begin PBXResourcesBuildPhase section */
		039E59111FBCA77500FE3598 /* Resources */ = {
			isa = PBXResourcesBuildPhase;
			buildActionMask = 2147483647;
			files = (
				039E59211FBCA77500FE3598 /* LaunchScreen.storyboard in Resources */,
				039E59551FBCC20600FE3598 /* TimeslotMapVC.xib in Resources */,
				031D81341FBCC8300094F598 /* SetTimeVC.xib in Resources */,
				039E594B1FBCA89E00FE3598 /* TimeWindowVC.xib in Resources */,
				036DD2CD1FEB1E2E00160661 /* SetSpotButtonsVC.xib in Resources */,
				031D813C1FBCCC710094F598 /* TimesTVCell.xib in Resources */,
				031D81381FBCC8810094F598 /* TimesTableVC.xib in Resources */,
				039E591E1FBCA77500FE3598 /* Assets.xcassets in Resources */,
				039E59511FBCC11D00FE3598 /* SetSpotVC.xib in Resources */,
			);
			runOnlyForDeploymentPostprocessing = 0;
		};
		039E59251FBCA77500FE3598 /* Resources */ = {
			isa = PBXResourcesBuildPhase;
			buildActionMask = 2147483647;
			files = (
			);
			runOnlyForDeploymentPostprocessing = 0;
		};
		039E59301FBCA77500FE3598 /* Resources */ = {
			isa = PBXResourcesBuildPhase;
			buildActionMask = 2147483647;
			files = (
			);
			runOnlyForDeploymentPostprocessing = 0;
		};
/* End PBXResourcesBuildPhase section */

/* Begin PBXShellScriptBuildPhase section */
		0151FE8CA68B71C506591DA5 /* [CP] Check Pods Manifest.lock */ = {
			isa = PBXShellScriptBuildPhase;
			buildActionMask = 2147483647;
			files = (
			);
			inputPaths = (
				"${PODS_PODFILE_DIR_PATH}/Podfile.lock",
				"${PODS_ROOT}/Manifest.lock",
			);
			name = "[CP] Check Pods Manifest.lock";
			outputPaths = (
				"$(DERIVED_FILE_DIR)/Pods-EgglerPool-checkManifestLockResult.txt",
			);
			runOnlyForDeploymentPostprocessing = 0;
			shellPath = /bin/sh;
			shellScript = "diff \"${PODS_PODFILE_DIR_PATH}/Podfile.lock\" \"${PODS_ROOT}/Manifest.lock\" > /dev/null\nif [ $? != 0 ] ; then\n    # print error to STDERR\n    echo \"error: The sandbox is not in sync with the Podfile.lock. Run 'pod install' or update your CocoaPods installation.\" >&2\n    exit 1\nfi\n# This output is used by Xcode 'outputs' to avoid re-running this script phase.\necho \"SUCCESS\" > \"${SCRIPT_OUTPUT_FILE_0}\"\n";
			showEnvVarsInLog = 0;
		};
		1D77B946BEB5B8CDC1ECE2F1 /* [CP] Copy Pods Resources */ = {
			isa = PBXShellScriptBuildPhase;
			buildActionMask = 2147483647;
			files = (
			);
			inputPaths = (
				"${SRCROOT}/Pods/Target Support Files/Pods-EgglerPool/Pods-EgglerPool-resources.sh",
				"${PODS_ROOT}/GoogleMaps/Maps/Frameworks/GoogleMaps.framework/Resources/GoogleMaps.bundle",
				"${PODS_ROOT}/GooglePlaces/Frameworks/GooglePlaces.framework/Resources/GooglePlaces.bundle",
			);
			name = "[CP] Copy Pods Resources";
			outputPaths = (
				"${TARGET_BUILD_DIR}/${UNLOCALIZED_RESOURCES_FOLDER_PATH}",
			);
			runOnlyForDeploymentPostprocessing = 0;
			shellPath = /bin/sh;
			shellScript = "\"${SRCROOT}/Pods/Target Support Files/Pods-EgglerPool/Pods-EgglerPool-resources.sh\"\n";
			showEnvVarsInLog = 0;
		};
		2EAA1C2BFF33C3CA69C861E1 /* [CP] Copy Pods Resources */ = {
			isa = PBXShellScriptBuildPhase;
			buildActionMask = 2147483647;
			files = (
			);
			inputPaths = (
			);
			name = "[CP] Copy Pods Resources";
			outputPaths = (
			);
			runOnlyForDeploymentPostprocessing = 0;
			shellPath = /bin/sh;
			shellScript = "\"${SRCROOT}/Pods/Target Support Files/Pods-EgglerPoolTests/Pods-EgglerPoolTests-resources.sh\"\n";
			showEnvVarsInLog = 0;
		};
		44A286FF0DF8006A10ED585A /* [CP] Embed Pods Frameworks */ = {
			isa = PBXShellScriptBuildPhase;
			buildActionMask = 2147483647;
			files = (
			);
			inputPaths = (
			);
			name = "[CP] Embed Pods Frameworks";
			outputPaths = (
			);
			runOnlyForDeploymentPostprocessing = 0;
			shellPath = /bin/sh;
			shellScript = "\"${SRCROOT}/Pods/Target Support Files/Pods-EgglerPoolTests/Pods-EgglerPoolTests-frameworks.sh\"\n";
			showEnvVarsInLog = 0;
		};
		B8CC45F1F6AACB7C57C98E71 /* [CP] Embed Pods Frameworks */ = {
			isa = PBXShellScriptBuildPhase;
			buildActionMask = 2147483647;
			files = (
			);
			inputPaths = (
				"${SRCROOT}/Pods/Target Support Files/Pods-EgglerPool/Pods-EgglerPool-frameworks.sh",
				"${BUILT_PRODUCTS_DIR}/Alamofire/Alamofire.framework",
				"${BUILT_PRODUCTS_DIR}/ChameleonFramework/ChameleonFramework.framework",
				"${BUILT_PRODUCTS_DIR}/Font-Awesome-Swift/Font_Awesome_Swift.framework",
				"${BUILT_PRODUCTS_DIR}/Kingfisher/Kingfisher.framework",
				"${BUILT_PRODUCTS_DIR}/Pastel/Pastel.framework",
				"${BUILT_PRODUCTS_DIR}/SVProgressHUD/SVProgressHUD.framework",
				"${BUILT_PRODUCTS_DIR}/SwiftKeychainWrapper/SwiftKeychainWrapper.framework",
			);
			name = "[CP] Embed Pods Frameworks";
			outputPaths = (
				"${TARGET_BUILD_DIR}/${FRAMEWORKS_FOLDER_PATH}/Alamofire.framework",
				"${TARGET_BUILD_DIR}/${FRAMEWORKS_FOLDER_PATH}/ChameleonFramework.framework",
				"${TARGET_BUILD_DIR}/${FRAMEWORKS_FOLDER_PATH}/Font_Awesome_Swift.framework",
				"${TARGET_BUILD_DIR}/${FRAMEWORKS_FOLDER_PATH}/Kingfisher.framework",
				"${TARGET_BUILD_DIR}/${FRAMEWORKS_FOLDER_PATH}/Pastel.framework",
				"${TARGET_BUILD_DIR}/${FRAMEWORKS_FOLDER_PATH}/SVProgressHUD.framework",
				"${TARGET_BUILD_DIR}/${FRAMEWORKS_FOLDER_PATH}/SwiftKeychainWrapper.framework",
			);
			runOnlyForDeploymentPostprocessing = 0;
			shellPath = /bin/sh;
			shellScript = "\"${SRCROOT}/Pods/Target Support Files/Pods-EgglerPool/Pods-EgglerPool-frameworks.sh\"\n";
			showEnvVarsInLog = 0;
		};
		FD5D70F486ABF5EDB73D9E3B /* [CP] Check Pods Manifest.lock */ = {
			isa = PBXShellScriptBuildPhase;
			buildActionMask = 2147483647;
			files = (
			);
			inputPaths = (
				"${PODS_PODFILE_DIR_PATH}/Podfile.lock",
				"${PODS_ROOT}/Manifest.lock",
			);
			name = "[CP] Check Pods Manifest.lock";
			outputPaths = (
				"$(DERIVED_FILE_DIR)/Pods-EgglerPoolTests-checkManifestLockResult.txt",
			);
			runOnlyForDeploymentPostprocessing = 0;
			shellPath = /bin/sh;
			shellScript = "diff \"${PODS_PODFILE_DIR_PATH}/Podfile.lock\" \"${PODS_ROOT}/Manifest.lock\" > /dev/null\nif [ $? != 0 ] ; then\n    # print error to STDERR\n    echo \"error: The sandbox is not in sync with the Podfile.lock. Run 'pod install' or update your CocoaPods installation.\" >&2\n    exit 1\nfi\n# This output is used by Xcode 'outputs' to avoid re-running this script phase.\necho \"SUCCESS\" > \"${SCRIPT_OUTPUT_FILE_0}\"\n";
			showEnvVarsInLog = 0;
		};
/* End PBXShellScriptBuildPhase section */

/* Begin PBXSourcesBuildPhase section */
		039E590F1FBCA77500FE3598 /* Sources */ = {
			isa = PBXSourcesBuildPhase;
			buildActionMask = 2147483647;
			files = (
				036DD2C91FEB1BBE00160661 /* NSObject+Extensions.swift in Sources */,
				031D813E1FBCCD000094F598 /* TableViewCellHelpers.swift in Sources */,
				031D813B1FBCCC710094F598 /* TimesTVCell.swift in Sources */,
				036DD2BD1FEB1AB700160661 /* Date+Extensions.swift in Sources */,
				036DD2B21FEB1A1300160661 /* Location.swift in Sources */,
				036DD2CF1FEB247500160661 /* MockData.swift in Sources */,
				03F9C8C31FBFC64700D84773 /* Timeslot.swift in Sources */,
				03F9C8BF1FBFC56E00D84773 /* TimeslotAnnotationView.swift in Sources */,
				036DD2BF1FEB1AE100160661 /* UIViewController+Extensions.swift in Sources */,
				031D81331FBCC8300094F598 /* SetTimeVC.swift in Sources */,
				039E594A1FBCA89E00FE3598 /* TimeWindowVC.swift in Sources */,
				039E59171FBCA77500FE3598 /* AppDelegate.swift in Sources */,
				039E59501FBCC11D00FE3598 /* SetSpotVC.swift in Sources */,
				036DD2C51FEB1B7D00160661 /* MapView+Extensions.swift in Sources */,
				036DD2BB1FEB1A8600160661 /* Int+Extensions.swift in Sources */,
				036DD2B01FEB19F000160661 /* Ride.swift in Sources */,
				036DD2C31FEB1B3600160661 /* CGRect+Extensions.swift in Sources */,
				036DD2D11FEBFE2400160661 /* Color.swift in Sources */,
				036DD2C11FEB1B0B00160661 /* UIView+Extensions.swift in Sources */,
				031D81371FBCC8810094F598 /* TimesTableVC.swift in Sources */,
				031D81441FBDFC400094F598 /* Config.swift in Sources */,
				03F9C8C11FBFC57E00D84773 /* TimeslotCircle.swift in Sources */,
				036DD2B41FEB1A2800160661 /* CircleArea.swift in Sources */,
				036DD2B81FEB1A5600160661 /* TimeWindow.swift in Sources */,
				036DD2C71FEB1BA300160661 /* CLLocationCoordinate2D+Extensions.swift in Sources */,
				036DD2B61FEB1A3F00160661 /* User.swift in Sources */,
				039E59541FBCC20600FE3598 /* TimeslotMapVC.swift in Sources */,
				036DD2D31FEC06E200160661 /* Defaults.swift in Sources */,
				036DD2CC1FEB1E2E00160661 /* SetSpotButtonsVC.swift in Sources */,
				03F9C8BE1FBFC56E00D84773 /* TimeslotAnnotation.swift in Sources */,
			);
			runOnlyForDeploymentPostprocessing = 0;
		};
		039E59231FBCA77500FE3598 /* Sources */ = {
			isa = PBXSourcesBuildPhase;
			buildActionMask = 2147483647;
			files = (
				039E592C1FBCA77500FE3598 /* EgglerPoolTests.swift in Sources */,
			);
			runOnlyForDeploymentPostprocessing = 0;
		};
		039E592E1FBCA77500FE3598 /* Sources */ = {
			isa = PBXSourcesBuildPhase;
			buildActionMask = 2147483647;
			files = (
				039E59371FBCA77500FE3598 /* EgglerPoolUITests.swift in Sources */,
			);
			runOnlyForDeploymentPostprocessing = 0;
		};
/* End PBXSourcesBuildPhase section */

/* Begin PBXTargetDependency section */
		039E59291FBCA77500FE3598 /* PBXTargetDependency */ = {
			isa = PBXTargetDependency;
			target = 039E59121FBCA77500FE3598 /* EgglerPool */;
			targetProxy = 039E59281FBCA77500FE3598 /* PBXContainerItemProxy */;
		};
		039E59341FBCA77500FE3598 /* PBXTargetDependency */ = {
			isa = PBXTargetDependency;
			target = 039E59121FBCA77500FE3598 /* EgglerPool */;
			targetProxy = 039E59331FBCA77500FE3598 /* PBXContainerItemProxy */;
		};
/* End PBXTargetDependency section */

/* Begin PBXVariantGroup section */
		039E591F1FBCA77500FE3598 /* LaunchScreen.storyboard */ = {
			isa = PBXVariantGroup;
			children = (
				039E59201FBCA77500FE3598 /* Base */,
			);
			name = LaunchScreen.storyboard;
			sourceTree = "<group>";
		};
/* End PBXVariantGroup section */

/* Begin XCBuildConfiguration section */
		039E59391FBCA77500FE3598 /* Debug */ = {
			isa = XCBuildConfiguration;
			buildSettings = {
				ALWAYS_SEARCH_USER_PATHS = NO;
				CLANG_ANALYZER_NONNULL = YES;
				CLANG_ANALYZER_NUMBER_OBJECT_CONVERSION = YES_AGGRESSIVE;
				CLANG_CXX_LANGUAGE_STANDARD = "gnu++14";
				CLANG_CXX_LIBRARY = "libc++";
				CLANG_ENABLE_MODULES = YES;
				CLANG_ENABLE_OBJC_ARC = YES;
				CLANG_WARN_BLOCK_CAPTURE_AUTORELEASING = YES;
				CLANG_WARN_BOOL_CONVERSION = YES;
				CLANG_WARN_COMMA = YES;
				CLANG_WARN_CONSTANT_CONVERSION = YES;
				CLANG_WARN_DIRECT_OBJC_ISA_USAGE = YES_ERROR;
				CLANG_WARN_DOCUMENTATION_COMMENTS = YES;
				CLANG_WARN_EMPTY_BODY = YES;
				CLANG_WARN_ENUM_CONVERSION = YES;
				CLANG_WARN_INFINITE_RECURSION = YES;
				CLANG_WARN_INT_CONVERSION = YES;
				CLANG_WARN_NON_LITERAL_NULL_CONVERSION = YES;
				CLANG_WARN_OBJC_LITERAL_CONVERSION = YES;
				CLANG_WARN_OBJC_ROOT_CLASS = YES_ERROR;
				CLANG_WARN_RANGE_LOOP_ANALYSIS = YES;
				CLANG_WARN_STRICT_PROTOTYPES = YES;
				CLANG_WARN_SUSPICIOUS_MOVE = YES;
				CLANG_WARN_UNGUARDED_AVAILABILITY = YES_AGGRESSIVE;
				CLANG_WARN_UNREACHABLE_CODE = YES;
				CLANG_WARN__DUPLICATE_METHOD_MATCH = YES;
				CODE_SIGN_IDENTITY = "iPhone Developer";
				COPY_PHASE_STRIP = NO;
				DEBUG_INFORMATION_FORMAT = dwarf;
				ENABLE_STRICT_OBJC_MSGSEND = YES;
				ENABLE_TESTABILITY = YES;
				GCC_C_LANGUAGE_STANDARD = gnu11;
				GCC_DYNAMIC_NO_PIC = NO;
				GCC_NO_COMMON_BLOCKS = YES;
				GCC_OPTIMIZATION_LEVEL = 0;
				GCC_PREPROCESSOR_DEFINITIONS = (
					"DEBUG=1",
					"$(inherited)",
				);
				GCC_WARN_64_TO_32_BIT_CONVERSION = YES;
				GCC_WARN_ABOUT_RETURN_TYPE = YES_ERROR;
				GCC_WARN_UNDECLARED_SELECTOR = YES;
				GCC_WARN_UNINITIALIZED_AUTOS = YES_AGGRESSIVE;
				GCC_WARN_UNUSED_FUNCTION = YES;
				GCC_WARN_UNUSED_VARIABLE = YES;
				IPHONEOS_DEPLOYMENT_TARGET = 11.1;
				MTL_ENABLE_DEBUG_INFO = YES;
				ONLY_ACTIVE_ARCH = YES;
				SDKROOT = iphoneos;
				SWIFT_ACTIVE_COMPILATION_CONDITIONS = DEBUG;
				SWIFT_OPTIMIZATION_LEVEL = "-Onone";
			};
			name = Debug;
		};
		039E593A1FBCA77500FE3598 /* Release */ = {
			isa = XCBuildConfiguration;
			buildSettings = {
				ALWAYS_SEARCH_USER_PATHS = NO;
				CLANG_ANALYZER_NONNULL = YES;
				CLANG_ANALYZER_NUMBER_OBJECT_CONVERSION = YES_AGGRESSIVE;
				CLANG_CXX_LANGUAGE_STANDARD = "gnu++14";
				CLANG_CXX_LIBRARY = "libc++";
				CLANG_ENABLE_MODULES = YES;
				CLANG_ENABLE_OBJC_ARC = YES;
				CLANG_WARN_BLOCK_CAPTURE_AUTORELEASING = YES;
				CLANG_WARN_BOOL_CONVERSION = YES;
				CLANG_WARN_COMMA = YES;
				CLANG_WARN_CONSTANT_CONVERSION = YES;
				CLANG_WARN_DIRECT_OBJC_ISA_USAGE = YES_ERROR;
				CLANG_WARN_DOCUMENTATION_COMMENTS = YES;
				CLANG_WARN_EMPTY_BODY = YES;
				CLANG_WARN_ENUM_CONVERSION = YES;
				CLANG_WARN_INFINITE_RECURSION = YES;
				CLANG_WARN_INT_CONVERSION = YES;
				CLANG_WARN_NON_LITERAL_NULL_CONVERSION = YES;
				CLANG_WARN_OBJC_LITERAL_CONVERSION = YES;
				CLANG_WARN_OBJC_ROOT_CLASS = YES_ERROR;
				CLANG_WARN_RANGE_LOOP_ANALYSIS = YES;
				CLANG_WARN_STRICT_PROTOTYPES = YES;
				CLANG_WARN_SUSPICIOUS_MOVE = YES;
				CLANG_WARN_UNGUARDED_AVAILABILITY = YES_AGGRESSIVE;
				CLANG_WARN_UNREACHABLE_CODE = YES;
				CLANG_WARN__DUPLICATE_METHOD_MATCH = YES;
				CODE_SIGN_IDENTITY = "iPhone Developer";
				COPY_PHASE_STRIP = NO;
				DEBUG_INFORMATION_FORMAT = "dwarf-with-dsym";
				ENABLE_NS_ASSERTIONS = NO;
				ENABLE_STRICT_OBJC_MSGSEND = YES;
				GCC_C_LANGUAGE_STANDARD = gnu11;
				GCC_NO_COMMON_BLOCKS = YES;
				GCC_WARN_64_TO_32_BIT_CONVERSION = YES;
				GCC_WARN_ABOUT_RETURN_TYPE = YES_ERROR;
				GCC_WARN_UNDECLARED_SELECTOR = YES;
				GCC_WARN_UNINITIALIZED_AUTOS = YES_AGGRESSIVE;
				GCC_WARN_UNUSED_FUNCTION = YES;
				GCC_WARN_UNUSED_VARIABLE = YES;
				IPHONEOS_DEPLOYMENT_TARGET = 11.1;
				MTL_ENABLE_DEBUG_INFO = NO;
				SDKROOT = iphoneos;
				SWIFT_OPTIMIZATION_LEVEL = "-Owholemodule";
				VALIDATE_PRODUCT = YES;
			};
			name = Release;
		};
		039E593C1FBCA77500FE3598 /* Debug */ = {
			isa = XCBuildConfiguration;
			baseConfigurationReference = BE8A27573C023B34319C2B7A /* Pods-EgglerPool.debug.xcconfig */;
			buildSettings = {
				ASSETCATALOG_COMPILER_APPICON_NAME = AppIcon;
				CODE_SIGN_STYLE = Automatic;
				DEVELOPMENT_TEAM = F9E934J8Z2;
				INFOPLIST_FILE = EgglerPool/Info.plist;
				LD_RUNPATH_SEARCH_PATHS = "$(inherited) @executable_path/Frameworks";
				PRODUCT_BUNDLE_IDENTIFIER = com.kaseybaughan.EgglerPool;
				PRODUCT_NAME = "$(TARGET_NAME)";
				SWIFT_VERSION = 4.0;
				TARGETED_DEVICE_FAMILY = "1,2";
			};
			name = Debug;
		};
		039E593D1FBCA77500FE3598 /* Release */ = {
			isa = XCBuildConfiguration;
			baseConfigurationReference = 555FA1A1FD45D67F91B7AE07 /* Pods-EgglerPool.release.xcconfig */;
			buildSettings = {
				ASSETCATALOG_COMPILER_APPICON_NAME = AppIcon;
				CODE_SIGN_STYLE = Automatic;
				DEVELOPMENT_TEAM = F9E934J8Z2;
				INFOPLIST_FILE = EgglerPool/Info.plist;
				LD_RUNPATH_SEARCH_PATHS = "$(inherited) @executable_path/Frameworks";
				PRODUCT_BUNDLE_IDENTIFIER = com.kaseybaughan.EgglerPool;
				PRODUCT_NAME = "$(TARGET_NAME)";
				SWIFT_VERSION = 4.0;
				TARGETED_DEVICE_FAMILY = "1,2";
			};
			name = Release;
		};
		039E593F1FBCA77500FE3598 /* Debug */ = {
			isa = XCBuildConfiguration;
			baseConfigurationReference = B0CF66D4D33904CA5144D8CB /* Pods-EgglerPoolTests.debug.xcconfig */;
			buildSettings = {
				ALWAYS_EMBED_SWIFT_STANDARD_LIBRARIES = YES;
				BUNDLE_LOADER = "$(TEST_HOST)";
				CODE_SIGN_STYLE = Automatic;
				DEVELOPMENT_TEAM = F9E934J8Z2;
				INFOPLIST_FILE = EgglerPoolTests/Info.plist;
				LD_RUNPATH_SEARCH_PATHS = "$(inherited) @executable_path/Frameworks @loader_path/Frameworks";
				PRODUCT_BUNDLE_IDENTIFIER = com.kaseybaughan.EgglerPoolTests;
				PRODUCT_NAME = "$(TARGET_NAME)";
				SWIFT_VERSION = 4.0;
				TARGETED_DEVICE_FAMILY = "1,2";
				TEST_HOST = "$(BUILT_PRODUCTS_DIR)/EgglerPool.app/EgglerPool";
			};
			name = Debug;
		};
		039E59401FBCA77500FE3598 /* Release */ = {
			isa = XCBuildConfiguration;
			baseConfigurationReference = BB373B7DEE11B5EDC569BD6B /* Pods-EgglerPoolTests.release.xcconfig */;
			buildSettings = {
				ALWAYS_EMBED_SWIFT_STANDARD_LIBRARIES = YES;
				BUNDLE_LOADER = "$(TEST_HOST)";
				CODE_SIGN_STYLE = Automatic;
				DEVELOPMENT_TEAM = F9E934J8Z2;
				INFOPLIST_FILE = EgglerPoolTests/Info.plist;
				LD_RUNPATH_SEARCH_PATHS = "$(inherited) @executable_path/Frameworks @loader_path/Frameworks";
				PRODUCT_BUNDLE_IDENTIFIER = com.kaseybaughan.EgglerPoolTests;
				PRODUCT_NAME = "$(TARGET_NAME)";
				SWIFT_VERSION = 4.0;
				TARGETED_DEVICE_FAMILY = "1,2";
				TEST_HOST = "$(BUILT_PRODUCTS_DIR)/EgglerPool.app/EgglerPool";
			};
			name = Release;
		};
		039E59421FBCA77500FE3598 /* Debug */ = {
			isa = XCBuildConfiguration;
			buildSettings = {
				ALWAYS_EMBED_SWIFT_STANDARD_LIBRARIES = YES;
				CODE_SIGN_STYLE = Automatic;
				DEVELOPMENT_TEAM = F9E934J8Z2;
				INFOPLIST_FILE = EgglerPoolUITests/Info.plist;
				LD_RUNPATH_SEARCH_PATHS = "$(inherited) @executable_path/Frameworks @loader_path/Frameworks";
				PRODUCT_BUNDLE_IDENTIFIER = com.kaseybaughan.EgglerPoolUITests;
				PRODUCT_NAME = "$(TARGET_NAME)";
				SWIFT_VERSION = 4.0;
				TARGETED_DEVICE_FAMILY = "1,2";
				TEST_TARGET_NAME = EgglerPool;
			};
			name = Debug;
		};
		039E59431FBCA77500FE3598 /* Release */ = {
			isa = XCBuildConfiguration;
			buildSettings = {
				ALWAYS_EMBED_SWIFT_STANDARD_LIBRARIES = YES;
				CODE_SIGN_STYLE = Automatic;
				DEVELOPMENT_TEAM = F9E934J8Z2;
				INFOPLIST_FILE = EgglerPoolUITests/Info.plist;
				LD_RUNPATH_SEARCH_PATHS = "$(inherited) @executable_path/Frameworks @loader_path/Frameworks";
				PRODUCT_BUNDLE_IDENTIFIER = com.kaseybaughan.EgglerPoolUITests;
				PRODUCT_NAME = "$(TARGET_NAME)";
				SWIFT_VERSION = 4.0;
				TARGETED_DEVICE_FAMILY = "1,2";
				TEST_TARGET_NAME = EgglerPool;
			};
			name = Release;
		};
/* End XCBuildConfiguration section */

/* Begin XCConfigurationList section */
		039E590E1FBCA77500FE3598 /* Build configuration list for PBXProject "EgglerPool" */ = {
			isa = XCConfigurationList;
			buildConfigurations = (
				039E59391FBCA77500FE3598 /* Debug */,
				039E593A1FBCA77500FE3598 /* Release */,
			);
			defaultConfigurationIsVisible = 0;
			defaultConfigurationName = Release;
		};
		039E593B1FBCA77500FE3598 /* Build configuration list for PBXNativeTarget "EgglerPool" */ = {
			isa = XCConfigurationList;
			buildConfigurations = (
				039E593C1FBCA77500FE3598 /* Debug */,
				039E593D1FBCA77500FE3598 /* Release */,
			);
			defaultConfigurationIsVisible = 0;
			defaultConfigurationName = Release;
		};
		039E593E1FBCA77500FE3598 /* Build configuration list for PBXNativeTarget "EgglerPoolTests" */ = {
			isa = XCConfigurationList;
			buildConfigurations = (
				039E593F1FBCA77500FE3598 /* Debug */,
				039E59401FBCA77500FE3598 /* Release */,
			);
			defaultConfigurationIsVisible = 0;
			defaultConfigurationName = Release;
		};
		039E59411FBCA77500FE3598 /* Build configuration list for PBXNativeTarget "EgglerPoolUITests" */ = {
			isa = XCConfigurationList;
			buildConfigurations = (
				039E59421FBCA77500FE3598 /* Debug */,
				039E59431FBCA77500FE3598 /* Release */,
			);
			defaultConfigurationIsVisible = 0;
			defaultConfigurationName = Release;
		};
/* End XCConfigurationList section */
	};
	rootObject = 039E590B1FBCA77500FE3598 /* Project object */;
}
